
Microsoft Visual Studio Solution File, Format Version 12.00
# Visual Studio Version 16
VisualStudioVersion = 16.0.29806.167
MinimumVisualStudioVersion = 10.0.40219.1
Project("{9A19103F-16F7-4668-BE54-9A1E7A4F7556}") = "GraphVisualizerExample_GameOfLife_Fractals", "GraphVisualizerExample\GraphVisualizerExample_GameOfLife_Fractals.csproj", "{EA294EE5-6ED0-4AAA-ADCA-C25192A803E8}"
EndProject
Project("{9A19103F-16F7-4668-BE54-9A1E7A4F7556}") = "NUnitTestProject1", "NUnitTestProject1\NUnitTestProject1.csproj", "{6A91A392-BBDF-4AFB-AC55-5CDFBA52F5F1}"
EndProject
Global
	GlobalSection(SolutionConfigurationPlatforms) = preSolution
		Debug|Any CPU = Debug|Any CPU
		Release|Any CPU = Release|Any CPU
	EndGlobalSection
	GlobalSection(ProjectConfigurationPlatforms) = postSolution
		{EA294EE5-6ED0-4AAA-ADCA-C25192A803E8}.Debug|Any CPU.ActiveCfg = Debug|Any CPU
		{EA294EE5-6ED0-4AAA-ADCA-C25192A803E8}.Debug|Any CPU.Build.0 = Debug|Any CPU
		{EA294EE5-6ED0-4AAA-ADCA-C25192A803E8}.Release|Any CPU.ActiveCfg = Release|Any CPU
		{EA294EE5-6ED0-4AAA-ADCA-C25192A803E8}.Release|Any CPU.Build.0 = Release|Any CPU
		{6A91A392-BBDF-4AFB-AC55-5CDFBA52F5F1}.Debug|Any CPU.ActiveCfg = Debug|Any CPU
		{6A91A392-BBDF-4AFB-AC55-5CDFBA52F5F1}.Debug|Any CPU.Build.0 = Debug|Any CPU
		{6A91A392-BBDF-4AFB-AC55-5CDFBA52F5F1}.Release|Any CPU.ActiveCfg = Release|Any CPU
		{6A91A392-BBDF-4AFB-AC55-5CDFBA52F5F1}.Release|Any CPU.Build.0 = Release|Any CPU
	EndGlobalSection
	GlobalSection(SolutionProperties) = preSolution
		HideSolutionNode = FALSE
	EndGlobalSection
	GlobalSection(ExtensibilityGlobals) = postSolution
		SolutionGuid = {456393E0-4226-4253-8948-63831FBC5510}
	EndGlobalSection
EndGlobal
